// !$*UTF8*$!
{
	archiveVersion = 1;
	classes = {
	};
	objectVersion = 55;
	objects = {

/* Begin PBXBuildFile section */
		B43AAF6627094E5E008059F2 /* Tests_iOS.swift in Sources */ = {isa = PBXBuildFile; fileRef = B43AAF6527094E5E008059F2 /* Tests_iOS.swift */; };
		B43AAF6827094E5E008059F2 /* Tests_iOSLaunchTests.swift in Sources */ = {isa = PBXBuildFile; fileRef = B43AAF6727094E5E008059F2 /* Tests_iOSLaunchTests.swift */; };
		B43AAF7227094E5E008059F2 /* Tests_macOS.swift in Sources */ = {isa = PBXBuildFile; fileRef = B43AAF7127094E5E008059F2 /* Tests_macOS.swift */; };
		B43AAF7427094E5E008059F2 /* Tests_macOSLaunchTests.swift in Sources */ = {isa = PBXBuildFile; fileRef = B43AAF7327094E5E008059F2 /* Tests_macOSLaunchTests.swift */; };
		B43AAF7527094E5E008059F2 /* SensboxApp.swift in Sources */ = {isa = PBXBuildFile; fileRef = B43AAF4D27094E5D008059F2 /* SensboxApp.swift */; };
		B43AAF7627094E5E008059F2 /* SensboxApp.swift in Sources */ = {isa = PBXBuildFile; fileRef = B43AAF4D27094E5D008059F2 /* SensboxApp.swift */; };
		B43AAF7727094E5E008059F2 /* ContentView.swift in Sources */ = {isa = PBXBuildFile; fileRef = B43AAF4E27094E5D008059F2 /* ContentView.swift */; };
		B43AAF7827094E5E008059F2 /* ContentView.swift in Sources */ = {isa = PBXBuildFile; fileRef = B43AAF4E27094E5D008059F2 /* ContentView.swift */; };
		B43AAF7927094E5E008059F2 /* Assets.xcassets in Resources */ = {isa = PBXBuildFile; fileRef = B43AAF4F27094E5E008059F2 /* Assets.xcassets */; };
		B43AAF7A27094E5E008059F2 /* Assets.xcassets in Resources */ = {isa = PBXBuildFile; fileRef = B43AAF4F27094E5E008059F2 /* Assets.xcassets */; };
		B43AAF8A27094F65008059F2 /* OnBoardingView.swift in Sources */ = {isa = PBXBuildFile; fileRef = B43AAF8927094F65008059F2 /* OnBoardingView.swift */; };
		B43AAF8B27094F65008059F2 /* OnBoardingView.swift in Sources */ = {isa = PBXBuildFile; fileRef = B43AAF8927094F65008059F2 /* OnBoardingView.swift */; };
		B43AAF8D270950CA008059F2 /* Constants.swift in Sources */ = {isa = PBXBuildFile; fileRef = B43AAF8C270950CA008059F2 /* Constants.swift */; };
		B43AAF8E270950CA008059F2 /* Constants.swift in Sources */ = {isa = PBXBuildFile; fileRef = B43AAF8C270950CA008059F2 /* Constants.swift */; };
		B43AAF90270954E8008059F2 /* MainView.swift in Sources */ = {isa = PBXBuildFile; fileRef = B43AAF8F270954E8008059F2 /* MainView.swift */; };
		B43AAF91270954E8008059F2 /* MainView.swift in Sources */ = {isa = PBXBuildFile; fileRef = B43AAF8F270954E8008059F2 /* MainView.swift */; };
		B43AAF9427095633008059F2 /* extension.swift in Sources */ = {isa = PBXBuildFile; fileRef = B43AAF9327095633008059F2 /* extension.swift */; };
		B43AAF9527095633008059F2 /* extension.swift in Sources */ = {isa = PBXBuildFile; fileRef = B43AAF9327095633008059F2 /* extension.swift */; };
		B473255D27438B4E0020B152 /* NetworkService.swift in Sources */ = {isa = PBXBuildFile; fileRef = B473255C27438B4E0020B152 /* NetworkService.swift */; };
		B4769D6E27135B3B00DE02AF /* RemoconView.swift in Sources */ = {isa = PBXBuildFile; fileRef = B4769D6D27135B3B00DE02AF /* RemoconView.swift */; };
		B4769D6F27135B3B00DE02AF /* RemoconView.swift in Sources */ = {isa = PBXBuildFile; fileRef = B4769D6D27135B3B00DE02AF /* RemoconView.swift */; };
		B4769D7127135D3200DE02AF /* KitView.swift in Sources */ = {isa = PBXBuildFile; fileRef = B4769D7027135D3200DE02AF /* KitView.swift */; };
		B4769D7227135D3200DE02AF /* KitView.swift in Sources */ = {isa = PBXBuildFile; fileRef = B4769D7027135D3200DE02AF /* KitView.swift */; };
		B4769D742713651200DE02AF /* KitTestView.swift in Sources */ = {isa = PBXBuildFile; fileRef = B4769D732713651200DE02AF /* KitTestView.swift */; };
		B4769D752713651200DE02AF /* KitTestView.swift in Sources */ = {isa = PBXBuildFile; fileRef = B4769D732713651200DE02AF /* KitTestView.swift */; };
		B4769D782713F37E00DE02AF /* DatabaseService.swift in Sources */ = {isa = PBXBuildFile; fileRef = B4769D772713F37E00DE02AF /* DatabaseService.swift */; };
		B4769D7B2713F43500DE02AF /* LoginView.swift in Sources */ = {isa = PBXBuildFile; fileRef = B4769D7A2713F43500DE02AF /* LoginView.swift */; };
		B4769D7C2713F43500DE02AF /* LoginView.swift in Sources */ = {isa = PBXBuildFile; fileRef = B4769D7A2713F43500DE02AF /* LoginView.swift */; };
		B4769D812713F57900DE02AF /* AuthService.swift in Sources */ = {isa = PBXBuildFile; fileRef = B4769D802713F57900DE02AF /* AuthService.swift */; };
		B4769D842714B45F00DE02AF /* GoogleService-Info.plist in Resources */ = {isa = PBXBuildFile; fileRef = B4769D832714B45F00DE02AF /* GoogleService-Info.plist */; };
		B48BB55E27435BAF00405208 /* SessionService.swift in Sources */ = {isa = PBXBuildFile; fileRef = B48BB55D27435BAF00405208 /* SessionService.swift */; };
		B48BB56027435C7F00405208 /* LoginViewModel.swift in Sources */ = {isa = PBXBuildFile; fileRef = B48BB55F27435C7F00405208 /* LoginViewModel.swift */; };
		B48BB563274360D900405208 /* CommonViews.swift in Sources */ = {isa = PBXBuildFile; fileRef = B48BB562274360D900405208 /* CommonViews.swift */; };
		B48BB5652743855F00405208 /* KitTestViewModel.swift in Sources */ = {isa = PBXBuildFile; fileRef = B48BB5642743855F00405208 /* KitTestViewModel.swift */; };
		C715806C402D5B1EFE86B4DD /* Pods_Sensbox__iOS_.framework in Frameworks */ = {isa = PBXBuildFile; fileRef = 7ADB415CFD2D55E91407301D /* Pods_Sensbox__iOS_.framework */; };
		F743510499EFD66CD43E087F /* Pods_Sensbox__macOS_.framework in Frameworks */ = {isa = PBXBuildFile; fileRef = D761B2F82660BC9BC5112EDE /* Pods_Sensbox__macOS_.framework */; };
/* End PBXBuildFile section */

/* Begin PBXContainerItemProxy section */
		B43AAF6227094E5E008059F2 /* PBXContainerItemProxy */ = {
			isa = PBXContainerItemProxy;
			containerPortal = B43AAF4827094E5C008059F2 /* Project object */;
			proxyType = 1;
			remoteGlobalIDString = B43AAF5327094E5E008059F2;
			remoteInfo = "Sensbox (iOS)";
		};
		B43AAF6E27094E5E008059F2 /* PBXContainerItemProxy */ = {
			isa = PBXContainerItemProxy;
			containerPortal = B43AAF4827094E5C008059F2 /* Project object */;
			proxyType = 1;
			remoteGlobalIDString = B43AAF5927094E5E008059F2;
			remoteInfo = "Sensbox (macOS)";
		};
/* End PBXContainerItemProxy section */

/* Begin PBXFileReference section */
		24022FB17ECCF9104D51BE4A /* Pods-Sensbox (iOS).debug.xcconfig */ = {isa = PBXFileReference; includeInIndex = 1; lastKnownFileType = text.xcconfig; name = "Pods-Sensbox (iOS).debug.xcconfig"; path = "Target Support Files/Pods-Sensbox (iOS)/Pods-Sensbox (iOS).debug.xcconfig"; sourceTree = "<group>"; };
		7ADB415CFD2D55E91407301D /* Pods_Sensbox__iOS_.framework */ = {isa = PBXFileReference; explicitFileType = wrapper.framework; includeInIndex = 0; path = Pods_Sensbox__iOS_.framework; sourceTree = BUILT_PRODUCTS_DIR; };
		A01EC552EB59E4BE7537BA42 /* Pods-Sensbox (iOS).release.xcconfig */ = {isa = PBXFileReference; includeInIndex = 1; lastKnownFileType = text.xcconfig; name = "Pods-Sensbox (iOS).release.xcconfig"; path = "Target Support Files/Pods-Sensbox (iOS)/Pods-Sensbox (iOS).release.xcconfig"; sourceTree = "<group>"; };
		B43AAF4D27094E5D008059F2 /* SensboxApp.swift */ = {isa = PBXFileReference; lastKnownFileType = sourcecode.swift; path = SensboxApp.swift; sourceTree = "<group>"; };
		B43AAF4E27094E5D008059F2 /* ContentView.swift */ = {isa = PBXFileReference; lastKnownFileType = sourcecode.swift; path = ContentView.swift; sourceTree = "<group>"; };
		B43AAF4F27094E5E008059F2 /* Assets.xcassets */ = {isa = PBXFileReference; lastKnownFileType = folder.assetcatalog; path = Assets.xcassets; sourceTree = "<group>"; };
		B43AAF5427094E5E008059F2 /* Sensbox.app */ = {isa = PBXFileReference; explicitFileType = wrapper.application; includeInIndex = 0; path = Sensbox.app; sourceTree = BUILT_PRODUCTS_DIR; };
		B43AAF5A27094E5E008059F2 /* Sensbox.app */ = {isa = PBXFileReference; explicitFileType = wrapper.application; includeInIndex = 0; path = Sensbox.app; sourceTree = BUILT_PRODUCTS_DIR; };
		B43AAF5C27094E5E008059F2 /* macOS.entitlements */ = {isa = PBXFileReference; lastKnownFileType = text.plist.entitlements; path = macOS.entitlements; sourceTree = "<group>"; };
		B43AAF6127094E5E008059F2 /* Tests iOS.xctest */ = {isa = PBXFileReference; explicitFileType = wrapper.cfbundle; includeInIndex = 0; path = "Tests iOS.xctest"; sourceTree = BUILT_PRODUCTS_DIR; };
		B43AAF6527094E5E008059F2 /* Tests_iOS.swift */ = {isa = PBXFileReference; lastKnownFileType = sourcecode.swift; path = Tests_iOS.swift; sourceTree = "<group>"; };
		B43AAF6727094E5E008059F2 /* Tests_iOSLaunchTests.swift */ = {isa = PBXFileReference; lastKnownFileType = sourcecode.swift; path = Tests_iOSLaunchTests.swift; sourceTree = "<group>"; };
		B43AAF6D27094E5E008059F2 /* Tests macOS.xctest */ = {isa = PBXFileReference; explicitFileType = wrapper.cfbundle; includeInIndex = 0; path = "Tests macOS.xctest"; sourceTree = BUILT_PRODUCTS_DIR; };
		B43AAF7127094E5E008059F2 /* Tests_macOS.swift */ = {isa = PBXFileReference; lastKnownFileType = sourcecode.swift; path = Tests_macOS.swift; sourceTree = "<group>"; };
		B43AAF7327094E5E008059F2 /* Tests_macOSLaunchTests.swift */ = {isa = PBXFileReference; lastKnownFileType = sourcecode.swift; path = Tests_macOSLaunchTests.swift; sourceTree = "<group>"; };
		B43AAF8927094F65008059F2 /* OnBoardingView.swift */ = {isa = PBXFileReference; lastKnownFileType = sourcecode.swift; path = OnBoardingView.swift; sourceTree = "<group>"; };
		B43AAF8C270950CA008059F2 /* Constants.swift */ = {isa = PBXFileReference; lastKnownFileType = sourcecode.swift; path = Constants.swift; sourceTree = "<group>"; };
		B43AAF8F270954E8008059F2 /* MainView.swift */ = {isa = PBXFileReference; lastKnownFileType = sourcecode.swift; path = MainView.swift; sourceTree = "<group>"; };
		B43AAF9327095633008059F2 /* extension.swift */ = {isa = PBXFileReference; lastKnownFileType = sourcecode.swift; path = extension.swift; sourceTree = "<group>"; };
		B473255C27438B4E0020B152 /* NetworkService.swift */ = {isa = PBXFileReference; lastKnownFileType = sourcecode.swift; path = NetworkService.swift; sourceTree = "<group>"; };
		B4769D6D27135B3B00DE02AF /* RemoconView.swift */ = {isa = PBXFileReference; lastKnownFileType = sourcecode.swift; path = RemoconView.swift; sourceTree = "<group>"; };
		B4769D7027135D3200DE02AF /* KitView.swift */ = {isa = PBXFileReference; lastKnownFileType = sourcecode.swift; path = KitView.swift; sourceTree = "<group>"; };
		B4769D732713651200DE02AF /* KitTestView.swift */ = {isa = PBXFileReference; lastKnownFileType = sourcecode.swift; path = KitTestView.swift; sourceTree = "<group>"; };
		B4769D772713F37E00DE02AF /* DatabaseService.swift */ = {isa = PBXFileReference; lastKnownFileType = sourcecode.swift; path = DatabaseService.swift; sourceTree = "<group>"; };
		B4769D7A2713F43500DE02AF /* LoginView.swift */ = {isa = PBXFileReference; lastKnownFileType = sourcecode.swift; path = LoginView.swift; sourceTree = "<group>"; };
		B4769D802713F57900DE02AF /* AuthService.swift */ = {isa = PBXFileReference; lastKnownFileType = sourcecode.swift; path = AuthService.swift; sourceTree = "<group>"; };
		B4769D832714B45F00DE02AF /* GoogleService-Info.plist */ = {isa = PBXFileReference; fileEncoding = 4; lastKnownFileType = text.plist.xml; path = "GoogleService-Info.plist"; sourceTree = "<group>"; };
		B48BB55D27435BAF00405208 /* SessionService.swift */ = {isa = PBXFileReference; lastKnownFileType = sourcecode.swift; path = SessionService.swift; sourceTree = "<group>"; };
		B48BB55F27435C7F00405208 /* LoginViewModel.swift */ = {isa = PBXFileReference; lastKnownFileType = sourcecode.swift; path = LoginViewModel.swift; sourceTree = "<group>"; };
		B48BB562274360D900405208 /* CommonViews.swift */ = {isa = PBXFileReference; lastKnownFileType = sourcecode.swift; path = CommonViews.swift; sourceTree = "<group>"; };
		B48BB5642743855F00405208 /* KitTestViewModel.swift */ = {isa = PBXFileReference; lastKnownFileType = sourcecode.swift; path = KitTestViewModel.swift; sourceTree = "<group>"; };
		D761B2F82660BC9BC5112EDE /* Pods_Sensbox__macOS_.framework */ = {isa = PBXFileReference; explicitFileType = wrapper.framework; includeInIndex = 0; path = Pods_Sensbox__macOS_.framework; sourceTree = BUILT_PRODUCTS_DIR; };
		DA8EC577B73A6197F3C04C10 /* Pods-Sensbox (macOS).debug.xcconfig */ = {isa = PBXFileReference; includeInIndex = 1; lastKnownFileType = text.xcconfig; name = "Pods-Sensbox (macOS).debug.xcconfig"; path = "Target Support Files/Pods-Sensbox (macOS)/Pods-Sensbox (macOS).debug.xcconfig"; sourceTree = "<group>"; };
		FA2270A1D872B0275A23642C /* Pods-Sensbox (macOS).release.xcconfig */ = {isa = PBXFileReference; includeInIndex = 1; lastKnownFileType = text.xcconfig; name = "Pods-Sensbox (macOS).release.xcconfig"; path = "Target Support Files/Pods-Sensbox (macOS)/Pods-Sensbox (macOS).release.xcconfig"; sourceTree = "<group>"; };
/* End PBXFileReference section */

/* Begin PBXFrameworksBuildPhase section */
		B43AAF5127094E5E008059F2 /* Frameworks */ = {
			isa = PBXFrameworksBuildPhase;
			buildActionMask = 2147483647;
			files = (
				C715806C402D5B1EFE86B4DD /* Pods_Sensbox__iOS_.framework in Frameworks */,
			);
			runOnlyForDeploymentPostprocessing = 0;
		};
		B43AAF5727094E5E008059F2 /* Frameworks */ = {
			isa = PBXFrameworksBuildPhase;
			buildActionMask = 2147483647;
			files = (
				F743510499EFD66CD43E087F /* Pods_Sensbox__macOS_.framework in Frameworks */,
			);
			runOnlyForDeploymentPostprocessing = 0;
		};
		B43AAF5E27094E5E008059F2 /* Frameworks */ = {
			isa = PBXFrameworksBuildPhase;
			buildActionMask = 2147483647;
			files = (
			);
			runOnlyForDeploymentPostprocessing = 0;
		};
		B43AAF6A27094E5E008059F2 /* Frameworks */ = {
			isa = PBXFrameworksBuildPhase;
			buildActionMask = 2147483647;
			files = (
			);
			runOnlyForDeploymentPostprocessing = 0;
		};
/* End PBXFrameworksBuildPhase section */

/* Begin PBXGroup section */
		6E546727E9F85BC1CE0AD39E /* Pods */ = {
			isa = PBXGroup;
			children = (
				24022FB17ECCF9104D51BE4A /* Pods-Sensbox (iOS).debug.xcconfig */,
				A01EC552EB59E4BE7537BA42 /* Pods-Sensbox (iOS).release.xcconfig */,
				DA8EC577B73A6197F3C04C10 /* Pods-Sensbox (macOS).debug.xcconfig */,
				FA2270A1D872B0275A23642C /* Pods-Sensbox (macOS).release.xcconfig */,
			);
			path = Pods;
			sourceTree = "<group>";
		};
		AF41B4C381375175013718E8 /* Frameworks */ = {
			isa = PBXGroup;
			children = (
				7ADB415CFD2D55E91407301D /* Pods_Sensbox__iOS_.framework */,
				D761B2F82660BC9BC5112EDE /* Pods_Sensbox__macOS_.framework */,
			);
			name = Frameworks;
			sourceTree = "<group>";
		};
		B43AAF4727094E5C008059F2 = {
			isa = PBXGroup;
			children = (
				B4769D832714B45F00DE02AF /* GoogleService-Info.plist */,
				B43AAF4C27094E5D008059F2 /* Shared */,
				B43AAF5B27094E5E008059F2 /* macOS */,
				B43AAF6427094E5E008059F2 /* Tests iOS */,
				B43AAF7027094E5E008059F2 /* Tests macOS */,
				B43AAF5527094E5E008059F2 /* Products */,
				6E546727E9F85BC1CE0AD39E /* Pods */,
				AF41B4C381375175013718E8 /* Frameworks */,
			);
			sourceTree = "<group>";
		};
		B43AAF4C27094E5D008059F2 /* Shared */ = {
			isa = PBXGroup;
			children = (
				B4769D762713F37400DE02AF /* Services */,
				B43AAF922709561F008059F2 /* Uitilities */,
				B48BB55C27435B3000405208 /* Presentation */,
				B43AAF4F27094E5E008059F2 /* Assets.xcassets */,
			);
			path = Shared;
			sourceTree = "<group>";
		};
		B43AAF5527094E5E008059F2 /* Products */ = {
			isa = PBXGroup;
			children = (
				B43AAF5427094E5E008059F2 /* Sensbox.app */,
				B43AAF5A27094E5E008059F2 /* Sensbox.app */,
				B43AAF6127094E5E008059F2 /* Tests iOS.xctest */,
				B43AAF6D27094E5E008059F2 /* Tests macOS.xctest */,
			);
			name = Products;
			sourceTree = "<group>";
		};
		B43AAF5B27094E5E008059F2 /* macOS */ = {
			isa = PBXGroup;
			children = (
				B43AAF5C27094E5E008059F2 /* macOS.entitlements */,
			);
			path = macOS;
			sourceTree = "<group>";
		};
		B43AAF6427094E5E008059F2 /* Tests iOS */ = {
			isa = PBXGroup;
			children = (
				B43AAF6527094E5E008059F2 /* Tests_iOS.swift */,
				B43AAF6727094E5E008059F2 /* Tests_iOSLaunchTests.swift */,
			);
			path = "Tests iOS";
			sourceTree = "<group>";
		};
		B43AAF7027094E5E008059F2 /* Tests macOS */ = {
			isa = PBXGroup;
			children = (
				B43AAF7127094E5E008059F2 /* Tests_macOS.swift */,
				B43AAF7327094E5E008059F2 /* Tests_macOSLaunchTests.swift */,
			);
			path = "Tests macOS";
			sourceTree = "<group>";
		};
		B43AAF922709561F008059F2 /* Uitilities */ = {
			isa = PBXGroup;
			children = (
				B43AAF8C270950CA008059F2 /* Constants.swift */,
				B43AAF9327095633008059F2 /* extension.swift */,
			);
			path = Uitilities;
			sourceTree = "<group>";
		};
		B4769D762713F37400DE02AF /* Services */ = {
			isa = PBXGroup;
			children = (
				B48BB55D27435BAF00405208 /* SessionService.swift */,
				B4769D802713F57900DE02AF /* AuthService.swift */,
				B4769D772713F37E00DE02AF /* DatabaseService.swift */,
				B473255C27438B4E0020B152 /* NetworkService.swift */,
			);
			path = Services;
			sourceTree = "<group>";
		};
		B48BB55C27435B3000405208 /* Presentation */ = {
			isa = PBXGroup;
			children = (
				B48BB561274360CA00405208 /* Common */,
				B43AAF4D27094E5D008059F2 /* SensboxApp.swift */,
				B43AAF4E27094E5D008059F2 /* ContentView.swift */,
				B43AAF8927094F65008059F2 /* OnBoardingView.swift */,
				B4769D7A2713F43500DE02AF /* LoginView.swift */,
				B48BB55F27435C7F00405208 /* LoginViewModel.swift */,
				B43AAF8F270954E8008059F2 /* MainView.swift */,
				B4769D6D27135B3B00DE02AF /* RemoconView.swift */,
				B4769D7027135D3200DE02AF /* KitView.swift */,
				B4769D732713651200DE02AF /* KitTestView.swift */,
				B48BB5642743855F00405208 /* KitTestViewModel.swift */,
			);
			path = Presentation;
			sourceTree = "<group>";
		};
		B48BB561274360CA00405208 /* Common */ = {
			isa = PBXGroup;
			children = (
				B48BB562274360D900405208 /* CommonViews.swift */,
			);
			path = Common;
			sourceTree = "<group>";
		};
/* End PBXGroup section */

/* Begin PBXNativeTarget section */
		B43AAF5327094E5E008059F2 /* Sensbox (iOS) */ = {
			isa = PBXNativeTarget;
			buildConfigurationList = B43AAF7D27094E5E008059F2 /* Build configuration list for PBXNativeTarget "Sensbox (iOS)" */;
			buildPhases = (
				7D2ADC63CEEE9B075F31710D /* [CP] Check Pods Manifest.lock */,
				B43AAF5027094E5E008059F2 /* Sources */,
				B43AAF5127094E5E008059F2 /* Frameworks */,
				B43AAF5227094E5E008059F2 /* Resources */,
				79295069EAD0BCD6359E3FE6 /* [CP] Embed Pods Frameworks */,
			);
			buildRules = (
			);
			dependencies = (
			);
			name = "Sensbox (iOS)";
			productName = "Sensbox (iOS)";
			productReference = B43AAF5427094E5E008059F2 /* Sensbox.app */;
			productType = "com.apple.product-type.application";
		};
		B43AAF5927094E5E008059F2 /* Sensbox (macOS) */ = {
			isa = PBXNativeTarget;
			buildConfigurationList = B43AAF8027094E5E008059F2 /* Build configuration list for PBXNativeTarget "Sensbox (macOS)" */;
			buildPhases = (
				2666468399FEA784BB38FD07 /* [CP] Check Pods Manifest.lock */,
				B43AAF5627094E5E008059F2 /* Sources */,
				B43AAF5727094E5E008059F2 /* Frameworks */,
				B43AAF5827094E5E008059F2 /* Resources */,
			);
			buildRules = (
			);
			dependencies = (
			);
			name = "Sensbox (macOS)";
			productName = "Sensbox (macOS)";
			productReference = B43AAF5A27094E5E008059F2 /* Sensbox.app */;
			productType = "com.apple.product-type.application";
		};
		B43AAF6027094E5E008059F2 /* Tests iOS */ = {
			isa = PBXNativeTarget;
			buildConfigurationList = B43AAF8327094E5E008059F2 /* Build configuration list for PBXNativeTarget "Tests iOS" */;
			buildPhases = (
				B43AAF5D27094E5E008059F2 /* Sources */,
				B43AAF5E27094E5E008059F2 /* Frameworks */,
				B43AAF5F27094E5E008059F2 /* Resources */,
			);
			buildRules = (
			);
			dependencies = (
				B43AAF6327094E5E008059F2 /* PBXTargetDependency */,
			);
			name = "Tests iOS";
			productName = "Tests iOS";
			productReference = B43AAF6127094E5E008059F2 /* Tests iOS.xctest */;
			productType = "com.apple.product-type.bundle.ui-testing";
		};
		B43AAF6C27094E5E008059F2 /* Tests macOS */ = {
			isa = PBXNativeTarget;
			buildConfigurationList = B43AAF8627094E5E008059F2 /* Build configuration list for PBXNativeTarget "Tests macOS" */;
			buildPhases = (
				B43AAF6927094E5E008059F2 /* Sources */,
				B43AAF6A27094E5E008059F2 /* Frameworks */,
				B43AAF6B27094E5E008059F2 /* Resources */,
			);
			buildRules = (
			);
			dependencies = (
				B43AAF6F27094E5E008059F2 /* PBXTargetDependency */,
			);
			name = "Tests macOS";
			productName = "Tests macOS";
			productReference = B43AAF6D27094E5E008059F2 /* Tests macOS.xctest */;
			productType = "com.apple.product-type.bundle.ui-testing";
		};
/* End PBXNativeTarget section */

/* Begin PBXProject section */
		B43AAF4827094E5C008059F2 /* Project object */ = {
			isa = PBXProject;
			attributes = {
				BuildIndependentTargetsInParallel = 1;
				LastSwiftUpdateCheck = 1300;
				LastUpgradeCheck = 1300;
				TargetAttributes = {
					B43AAF5327094E5E008059F2 = {
						CreatedOnToolsVersion = 13.0;
					};
					B43AAF5927094E5E008059F2 = {
						CreatedOnToolsVersion = 13.0;
					};
					B43AAF6027094E5E008059F2 = {
						CreatedOnToolsVersion = 13.0;
						TestTargetID = B43AAF5327094E5E008059F2;
					};
					B43AAF6C27094E5E008059F2 = {
						CreatedOnToolsVersion = 13.0;
						TestTargetID = B43AAF5927094E5E008059F2;
					};
				};
			};
			buildConfigurationList = B43AAF4B27094E5C008059F2 /* Build configuration list for PBXProject "Sensbox" */;
			compatibilityVersion = "Xcode 13.0";
			developmentRegion = en;
			hasScannedForEncodings = 0;
			knownRegions = (
				en,
				Base,
			);
			mainGroup = B43AAF4727094E5C008059F2;
			productRefGroup = B43AAF5527094E5E008059F2 /* Products */;
			projectDirPath = "";
			projectRoot = "";
			targets = (
				B43AAF5327094E5E008059F2 /* Sensbox (iOS) */,
				B43AAF5927094E5E008059F2 /* Sensbox (macOS) */,
				B43AAF6027094E5E008059F2 /* Tests iOS */,
				B43AAF6C27094E5E008059F2 /* Tests macOS */,
			);
		};
/* End PBXProject section */

/* Begin PBXResourcesBuildPhase section */
		B43AAF5227094E5E008059F2 /* Resources */ = {
			isa = PBXResourcesBuildPhase;
			buildActionMask = 2147483647;
			files = (
				B43AAF7927094E5E008059F2 /* Assets.xcassets in Resources */,
				B4769D842714B45F00DE02AF /* GoogleService-Info.plist in Resources */,
			);
			runOnlyForDeploymentPostprocessing = 0;
		};
		B43AAF5827094E5E008059F2 /* Resources */ = {
			isa = PBXResourcesBuildPhase;
			buildActionMask = 2147483647;
			files = (
				B43AAF7A27094E5E008059F2 /* Assets.xcassets in Resources */,
			);
			runOnlyForDeploymentPostprocessing = 0;
		};
		B43AAF5F27094E5E008059F2 /* Resources */ = {
			isa = PBXResourcesBuildPhase;
			buildActionMask = 2147483647;
			files = (
			);
			runOnlyForDeploymentPostprocessing = 0;
		};
		B43AAF6B27094E5E008059F2 /* Resources */ = {
			isa = PBXResourcesBuildPhase;
			buildActionMask = 2147483647;
			files = (
			);
			runOnlyForDeploymentPostprocessing = 0;
		};
/* End PBXResourcesBuildPhase section */

/* Begin PBXShellScriptBuildPhase section */
		2666468399FEA784BB38FD07 /* [CP] Check Pods Manifest.lock */ = {
			isa = PBXShellScriptBuildPhase;
			buildActionMask = 2147483647;
			files = (
			);
			inputFileListPaths = (
			);
			inputPaths = (
				"${PODS_PODFILE_DIR_PATH}/Podfile.lock",
				"${PODS_ROOT}/Manifest.lock",
			);
			name = "[CP] Check Pods Manifest.lock";
			outputFileListPaths = (
			);
			outputPaths = (
				"$(DERIVED_FILE_DIR)/Pods-Sensbox (macOS)-checkManifestLockResult.txt",
			);
			runOnlyForDeploymentPostprocessing = 0;
			shellPath = /bin/sh;
			shellScript = "diff \"${PODS_PODFILE_DIR_PATH}/Podfile.lock\" \"${PODS_ROOT}/Manifest.lock\" > /dev/null\nif [ $? != 0 ] ; then\n    # print error to STDERR\n    echo \"error: The sandbox is not in sync with the Podfile.lock. Run 'pod install' or update your CocoaPods installation.\" >&2\n    exit 1\nfi\n# This output is used by Xcode 'outputs' to avoid re-running this script phase.\necho \"SUCCESS\" > \"${SCRIPT_OUTPUT_FILE_0}\"\n";
			showEnvVarsInLog = 0;
		};
		79295069EAD0BCD6359E3FE6 /* [CP] Embed Pods Frameworks */ = {
			isa = PBXShellScriptBuildPhase;
			buildActionMask = 2147483647;
			files = (
			);
			inputFileListPaths = (
				"${PODS_ROOT}/Target Support Files/Pods-Sensbox (iOS)/Pods-Sensbox (iOS)-frameworks-${CONFIGURATION}-input-files.xcfilelist",
			);
			name = "[CP] Embed Pods Frameworks";
			outputFileListPaths = (
				"${PODS_ROOT}/Target Support Files/Pods-Sensbox (iOS)/Pods-Sensbox (iOS)-frameworks-${CONFIGURATION}-output-files.xcfilelist",
			);
			runOnlyForDeploymentPostprocessing = 0;
			shellPath = /bin/sh;
			shellScript = "\"${PODS_ROOT}/Target Support Files/Pods-Sensbox (iOS)/Pods-Sensbox (iOS)-frameworks.sh\"\n";
			showEnvVarsInLog = 0;
		};
		7D2ADC63CEEE9B075F31710D /* [CP] Check Pods Manifest.lock */ = {
			isa = PBXShellScriptBuildPhase;
			buildActionMask = 2147483647;
			files = (
			);
			inputFileListPaths = (
			);
			inputPaths = (
				"${PODS_PODFILE_DIR_PATH}/Podfile.lock",
				"${PODS_ROOT}/Manifest.lock",
			);
			name = "[CP] Check Pods Manifest.lock";
			outputFileListPaths = (
			);
			outputPaths = (
				"$(DERIVED_FILE_DIR)/Pods-Sensbox (iOS)-checkManifestLockResult.txt",
			);
			runOnlyForDeploymentPostprocessing = 0;
			shellPath = /bin/sh;
			shellScript = "diff \"${PODS_PODFILE_DIR_PATH}/Podfile.lock\" \"${PODS_ROOT}/Manifest.lock\" > /dev/null\nif [ $? != 0 ] ; then\n    # print error to STDERR\n    echo \"error: The sandbox is not in sync with the Podfile.lock. Run 'pod install' or update your CocoaPods installation.\" >&2\n    exit 1\nfi\n# This output is used by Xcode 'outputs' to avoid re-running this script phase.\necho \"SUCCESS\" > \"${SCRIPT_OUTPUT_FILE_0}\"\n";
			showEnvVarsInLog = 0;
		};
/* End PBXShellScriptBuildPhase section */

/* Begin PBXSourcesBuildPhase section */
		B43AAF5027094E5E008059F2 /* Sources */ = {
			isa = PBXSourcesBuildPhase;
			buildActionMask = 2147483647;
			files = (
				B43AAF7727094E5E008059F2 /* ContentView.swift in Sources */,
				B48BB563274360D900405208 /* CommonViews.swift in Sources */,
				B4769D742713651200DE02AF /* KitTestView.swift in Sources */,
				B43AAF8A27094F65008059F2 /* OnBoardingView.swift in Sources */,
				B4769D812713F57900DE02AF /* AuthService.swift in Sources */,
				B473255D27438B4E0020B152 /* NetworkService.swift in Sources */,
				B48BB5652743855F00405208 /* KitTestViewModel.swift in Sources */,
				B43AAF7527094E5E008059F2 /* SensboxApp.swift in Sources */,
				B4769D7127135D3200DE02AF /* KitView.swift in Sources */,
				B48BB56027435C7F00405208 /* LoginViewModel.swift in Sources */,
				B43AAF9427095633008059F2 /* extension.swift in Sources */,
				B43AAF90270954E8008059F2 /* MainView.swift in Sources */,
				B43AAF8D270950CA008059F2 /* Constants.swift in Sources */,
				B4769D7B2713F43500DE02AF /* LoginView.swift in Sources */,
				B48BB55E27435BAF00405208 /* SessionService.swift in Sources */,
				B4769D782713F37E00DE02AF /* DatabaseService.swift in Sources */,
				B4769D6E27135B3B00DE02AF /* RemoconView.swift in Sources */,
			);
			runOnlyForDeploymentPostprocessing = 0;
		};
		B43AAF5627094E5E008059F2 /* Sources */ = {
			isa = PBXSourcesBuildPhase;
			buildActionMask = 2147483647;
			files = (
				B43AAF7827094E5E008059F2 /* ContentView.swift in Sources */,
				B4769D752713651200DE02AF /* KitTestView.swift in Sources */,
				B43AAF8B27094F65008059F2 /* OnBoardingView.swift in Sources */,
				B43AAF7627094E5E008059F2 /* SensboxApp.swift in Sources */,
				B4769D7227135D3200DE02AF /* KitView.swift in Sources */,
				B43AAF9527095633008059F2 /* extension.swift in Sources */,
				B43AAF91270954E8008059F2 /* MainView.swift in Sources */,
				B43AAF8E270950CA008059F2 /* Constants.swift in Sources */,
				B4769D7C2713F43500DE02AF /* LoginView.swift in Sources */,
				B4769D6F27135B3B00DE02AF /* RemoconView.swift in Sources */,
			);
			runOnlyForDeploymentPostprocessing = 0;
		};
		B43AAF5D27094E5E008059F2 /* Sources */ = {
			isa = PBXSourcesBuildPhase;
			buildActionMask = 2147483647;
			files = (
				B43AAF6827094E5E008059F2 /* Tests_iOSLaunchTests.swift in Sources */,
				B43AAF6627094E5E008059F2 /* Tests_iOS.swift in Sources */,
			);
			runOnlyForDeploymentPostprocessing = 0;
		};
		B43AAF6927094E5E008059F2 /* Sources */ = {
			isa = PBXSourcesBuildPhase;
			buildActionMask = 2147483647;
			files = (
				B43AAF7427094E5E008059F2 /* Tests_macOSLaunchTests.swift in Sources */,
				B43AAF7227094E5E008059F2 /* Tests_macOS.swift in Sources */,
			);
			runOnlyForDeploymentPostprocessing = 0;
		};
/* End PBXSourcesBuildPhase section */

/* Begin PBXTargetDependency section */
		B43AAF6327094E5E008059F2 /* PBXTargetDependency */ = {
			isa = PBXTargetDependency;
			target = B43AAF5327094E5E008059F2 /* Sensbox (iOS) */;
			targetProxy = B43AAF6227094E5E008059F2 /* PBXContainerItemProxy */;
		};
		B43AAF6F27094E5E008059F2 /* PBXTargetDependency */ = {
			isa = PBXTargetDependency;
			target = B43AAF5927094E5E008059F2 /* Sensbox (macOS) */;
			targetProxy = B43AAF6E27094E5E008059F2 /* PBXContainerItemProxy */;
		};
/* End PBXTargetDependency section */

/* Begin XCBuildConfiguration section */
		B43AAF7B27094E5E008059F2 /* Debug */ = {
			isa = XCBuildConfiguration;
			buildSettings = {
				ALWAYS_SEARCH_USER_PATHS = NO;
				CLANG_ANALYZER_NONNULL = YES;
				CLANG_ANALYZER_NUMBER_OBJECT_CONVERSION = YES_AGGRESSIVE;
				CLANG_CXX_LANGUAGE_STANDARD = "gnu++17";
				CLANG_CXX_LIBRARY = "libc++";
				CLANG_ENABLE_MODULES = YES;
				CLANG_ENABLE_OBJC_ARC = YES;
				CLANG_ENABLE_OBJC_WEAK = YES;
				CLANG_WARN_BLOCK_CAPTURE_AUTORELEASING = YES;
				CLANG_WARN_BOOL_CONVERSION = YES;
				CLANG_WARN_COMMA = YES;
				CLANG_WARN_CONSTANT_CONVERSION = YES;
				CLANG_WARN_DEPRECATED_OBJC_IMPLEMENTATIONS = YES;
				CLANG_WARN_DIRECT_OBJC_ISA_USAGE = YES_ERROR;
				CLANG_WARN_DOCUMENTATION_COMMENTS = YES;
				CLANG_WARN_EMPTY_BODY = YES;
				CLANG_WARN_ENUM_CONVERSION = YES;
				CLANG_WARN_INFINITE_RECURSION = YES;
				CLANG_WARN_INT_CONVERSION = YES;
				CLANG_WARN_NON_LITERAL_NULL_CONVERSION = YES;
				CLANG_WARN_OBJC_IMPLICIT_RETAIN_SELF = YES;
				CLANG_WARN_OBJC_LITERAL_CONVERSION = YES;
				CLANG_WARN_OBJC_ROOT_CLASS = YES_ERROR;
				CLANG_WARN_QUOTED_INCLUDE_IN_FRAMEWORK_HEADER = YES;
				CLANG_WARN_RANGE_LOOP_ANALYSIS = YES;
				CLANG_WARN_STRICT_PROTOTYPES = YES;
				CLANG_WARN_SUSPICIOUS_MOVE = YES;
				CLANG_WARN_UNGUARDED_AVAILABILITY = YES_AGGRESSIVE;
				CLANG_WARN_UNREACHABLE_CODE = YES;
				CLANG_WARN__DUPLICATE_METHOD_MATCH = YES;
				COPY_PHASE_STRIP = NO;
				DEBUG_INFORMATION_FORMAT = dwarf;
				ENABLE_STRICT_OBJC_MSGSEND = YES;
				ENABLE_TESTABILITY = YES;
				GCC_C_LANGUAGE_STANDARD = gnu11;
				GCC_DYNAMIC_NO_PIC = NO;
				GCC_NO_COMMON_BLOCKS = YES;
				GCC_OPTIMIZATION_LEVEL = 0;
				GCC_PREPROCESSOR_DEFINITIONS = (
					"DEBUG=1",
					"$(inherited)",
				);
				GCC_WARN_64_TO_32_BIT_CONVERSION = YES;
				GCC_WARN_ABOUT_RETURN_TYPE = YES_ERROR;
				GCC_WARN_UNDECLARED_SELECTOR = YES;
				GCC_WARN_UNINITIALIZED_AUTOS = YES_AGGRESSIVE;
				GCC_WARN_UNUSED_FUNCTION = YES;
				GCC_WARN_UNUSED_VARIABLE = YES;
				MTL_ENABLE_DEBUG_INFO = INCLUDE_SOURCE;
				MTL_FAST_MATH = YES;
				ONLY_ACTIVE_ARCH = YES;
				SWIFT_ACTIVE_COMPILATION_CONDITIONS = DEBUG;
				SWIFT_OPTIMIZATION_LEVEL = "-Onone";
			};
			name = Debug;
		};
		B43AAF7C27094E5E008059F2 /* Release */ = {
			isa = XCBuildConfiguration;
			buildSettings = {
				ALWAYS_SEARCH_USER_PATHS = NO;
				CLANG_ANALYZER_NONNULL = YES;
				CLANG_ANALYZER_NUMBER_OBJECT_CONVERSION = YES_AGGRESSIVE;
				CLANG_CXX_LANGUAGE_STANDARD = "gnu++17";
				CLANG_CXX_LIBRARY = "libc++";
				CLANG_ENABLE_MODULES = YES;
				CLANG_ENABLE_OBJC_ARC = YES;
				CLANG_ENABLE_OBJC_WEAK = YES;
				CLANG_WARN_BLOCK_CAPTURE_AUTORELEASING = YES;
				CLANG_WARN_BOOL_CONVERSION = YES;
				CLANG_WARN_COMMA = YES;
				CLANG_WARN_CONSTANT_CONVERSION = YES;
				CLANG_WARN_DEPRECATED_OBJC_IMPLEMENTATIONS = YES;
				CLANG_WARN_DIRECT_OBJC_ISA_USAGE = YES_ERROR;
				CLANG_WARN_DOCUMENTATION_COMMENTS = YES;
				CLANG_WARN_EMPTY_BODY = YES;
				CLANG_WARN_ENUM_CONVERSION = YES;
				CLANG_WARN_INFINITE_RECURSION = YES;
				CLANG_WARN_INT_CONVERSION = YES;
				CLANG_WARN_NON_LITERAL_NULL_CONVERSION = YES;
				CLANG_WARN_OBJC_IMPLICIT_RETAIN_SELF = YES;
				CLANG_WARN_OBJC_LITERAL_CONVERSION = YES;
				CLANG_WARN_OBJC_ROOT_CLASS = YES_ERROR;
				CLANG_WARN_QUOTED_INCLUDE_IN_FRAMEWORK_HEADER = YES;
				CLANG_WARN_RANGE_LOOP_ANALYSIS = YES;
				CLANG_WARN_STRICT_PROTOTYPES = YES;
				CLANG_WARN_SUSPICIOUS_MOVE = YES;
				CLANG_WARN_UNGUARDED_AVAILABILITY = YES_AGGRESSIVE;
				CLANG_WARN_UNREACHABLE_CODE = YES;
				CLANG_WARN__DUPLICATE_METHOD_MATCH = YES;
				COPY_PHASE_STRIP = NO;
				DEBUG_INFORMATION_FORMAT = "dwarf-with-dsym";
				ENABLE_NS_ASSERTIONS = NO;
				ENABLE_STRICT_OBJC_MSGSEND = YES;
				GCC_C_LANGUAGE_STANDARD = gnu11;
				GCC_NO_COMMON_BLOCKS = YES;
				GCC_WARN_64_TO_32_BIT_CONVERSION = YES;
				GCC_WARN_ABOUT_RETURN_TYPE = YES_ERROR;
				GCC_WARN_UNDECLARED_SELECTOR = YES;
				GCC_WARN_UNINITIALIZED_AUTOS = YES_AGGRESSIVE;
				GCC_WARN_UNUSED_FUNCTION = YES;
				GCC_WARN_UNUSED_VARIABLE = YES;
				MTL_ENABLE_DEBUG_INFO = NO;
				MTL_FAST_MATH = YES;
				SWIFT_COMPILATION_MODE = wholemodule;
				SWIFT_OPTIMIZATION_LEVEL = "-O";
			};
			name = Release;
		};
		B43AAF7E27094E5E008059F2 /* Debug */ = {
			isa = XCBuildConfiguration;
			baseConfigurationReference = 24022FB17ECCF9104D51BE4A /* Pods-Sensbox (iOS).debug.xcconfig */;
			buildSettings = {
				ASSETCATALOG_COMPILER_APPICON_NAME = AppIcon;
				ASSETCATALOG_COMPILER_GLOBAL_ACCENT_COLOR_NAME = AccentColor;
				CODE_SIGN_STYLE = Automatic;
				CURRENT_PROJECT_VERSION = 1;
				DEVELOPMENT_TEAM = 52M4J7JS38;
				ENABLE_PREVIEWS = YES;
				GENERATE_INFOPLIST_FILE = YES;
				INFOPLIST_KEY_UIApplicationSceneManifest_Generation = YES;
				INFOPLIST_KEY_UIApplicationSupportsIndirectInputEvents = YES;
				INFOPLIST_KEY_UILaunchScreen_Generation = YES;
				INFOPLIST_KEY_UISupportedInterfaceOrientations_iPad = "UIInterfaceOrientationPortrait UIInterfaceOrientationPortraitUpsideDown UIInterfaceOrientationLandscapeLeft UIInterfaceOrientationLandscapeRight";
				INFOPLIST_KEY_UISupportedInterfaceOrientations_iPhone = "UIInterfaceOrientationPortrait UIInterfaceOrientationLandscapeLeft UIInterfaceOrientationLandscapeRight";
				IPHONEOS_DEPLOYMENT_TARGET = 14.0;
				LD_RUNPATH_SEARCH_PATHS = (
					"$(inherited)",
					"@executable_path/Frameworks",
				);
				MARKETING_VERSION = 1.0;
				PRODUCT_BUNDLE_IDENTIFIER = com.sensbox.Sensbox;
				PRODUCT_NAME = Sensbox;
				SDKROOT = iphoneos;
				SWIFT_EMIT_LOC_STRINGS = YES;
				SWIFT_VERSION = 5.0;
				TARGETED_DEVICE_FAMILY = "1,2";
			};
			name = Debug;
		};
		B43AAF7F27094E5E008059F2 /* Release */ = {
			isa = XCBuildConfiguration;
			baseConfigurationReference = A01EC552EB59E4BE7537BA42 /* Pods-Sensbox (iOS).release.xcconfig */;
			buildSettings = {
				ASSETCATALOG_COMPILER_APPICON_NAME = AppIcon;
				ASSETCATALOG_COMPILER_GLOBAL_ACCENT_COLOR_NAME = AccentColor;
				CODE_SIGN_STYLE = Automatic;
				CURRENT_PROJECT_VERSION = 1;
				DEVELOPMENT_TEAM = 52M4J7JS38;
				ENABLE_PREVIEWS = YES;
				GENERATE_INFOPLIST_FILE = YES;
				INFOPLIST_KEY_UIApplicationSceneManifest_Generation = YES;
				INFOPLIST_KEY_UIApplicationSupportsIndirectInputEvents = YES;
				INFOPLIST_KEY_UILaunchScreen_Generation = YES;
				INFOPLIST_KEY_UISupportedInterfaceOrientations_iPad = "UIInterfaceOrientationPortrait UIInterfaceOrientationPortraitUpsideDown UIInterfaceOrientationLandscapeLeft UIInterfaceOrientationLandscapeRight";
				INFOPLIST_KEY_UISupportedInterfaceOrientations_iPhone = "UIInterfaceOrientationPortrait UIInterfaceOrientationLandscapeLeft UIInterfaceOrientationLandscapeRight";
				IPHONEOS_DEPLOYMENT_TARGET = 14.0;
				LD_RUNPATH_SEARCH_PATHS = (
					"$(inherited)",
					"@executable_path/Frameworks",
				);
				MARKETING_VERSION = 1.0;
				PRODUCT_BUNDLE_IDENTIFIER = com.sensbox.Sensbox;
				PRODUCT_NAME = Sensbox;
				SDKROOT = iphoneos;
				SWIFT_EMIT_LOC_STRINGS = YES;
				SWIFT_VERSION = 5.0;
				TARGETED_DEVICE_FAMILY = "1,2";
				VALIDATE_PRODUCT = YES;
			};
			name = Release;
		};
		B43AAF8127094E5E008059F2 /* Debug */ = {
			isa = XCBuildConfiguration;
			baseConfigurationReference = DA8EC577B73A6197F3C04C10 /* Pods-Sensbox (macOS).debug.xcconfig */;
			buildSettings = {
				ASSETCATALOG_COMPILER_APPICON_NAME = AppIcon;
				ASSETCATALOG_COMPILER_GLOBAL_ACCENT_COLOR_NAME = AccentColor;
				CODE_SIGN_ENTITLEMENTS = macOS/macOS.entitlements;
				CODE_SIGN_STYLE = Automatic;
				COMBINE_HIDPI_IMAGES = YES;
				CURRENT_PROJECT_VERSION = 1;
				ENABLE_PREVIEWS = YES;
				GENERATE_INFOPLIST_FILE = YES;
				INFOPLIST_KEY_NSHumanReadableCopyright = "";
				LD_RUNPATH_SEARCH_PATHS = (
					"$(inherited)",
					"@executable_path/../Frameworks",
				);
				MACOSX_DEPLOYMENT_TARGET = 11.0;
				MARKETING_VERSION = 1.0;
				PRODUCT_BUNDLE_IDENTIFIER = sensbox.Sensbox;
				PRODUCT_NAME = Sensbox;
				SDKROOT = macosx;
				SWIFT_EMIT_LOC_STRINGS = YES;
				SWIFT_VERSION = 5.0;
			};
			name = Debug;
		};
		B43AAF8227094E5E008059F2 /* Release */ = {
			isa = XCBuildConfiguration;
			baseConfigurationReference = FA2270A1D872B0275A23642C /* Pods-Sensbox (macOS).release.xcconfig */;
			buildSettings = {
				ASSETCATALOG_COMPILER_APPICON_NAME = AppIcon;
				ASSETCATALOG_COMPILER_GLOBAL_ACCENT_COLOR_NAME = AccentColor;
				CODE_SIGN_ENTITLEMENTS = macOS/macOS.entitlements;
				CODE_SIGN_STYLE = Automatic;
				COMBINE_HIDPI_IMAGES = YES;
				CURRENT_PROJECT_VERSION = 1;
				ENABLE_PREVIEWS = YES;
				GENERATE_INFOPLIST_FILE = YES;
				INFOPLIST_KEY_NSHumanReadableCopyright = "";
				LD_RUNPATH_SEARCH_PATHS = (
					"$(inherited)",
					"@executable_path/../Frameworks",
				);
				MACOSX_DEPLOYMENT_TARGET = 11.0;
				MARKETING_VERSION = 1.0;
				PRODUCT_BUNDLE_IDENTIFIER = sensbox.Sensbox;
				PRODUCT_NAME = Sensbox;
				SDKROOT = macosx;
				SWIFT_EMIT_LOC_STRINGS = YES;
				SWIFT_VERSION = 5.0;
			};
			name = Release;
		};
		B43AAF8427094E5E008059F2 /* Debug */ = {
			isa = XCBuildConfiguration;
			buildSettings = {
				ALWAYS_EMBED_SWIFT_STANDARD_LIBRARIES = YES;
				CODE_SIGN_STYLE = Automatic;
				CURRENT_PROJECT_VERSION = 1;
				GENERATE_INFOPLIST_FILE = YES;
				IPHONEOS_DEPLOYMENT_TARGET = 15.0;
				LD_RUNPATH_SEARCH_PATHS = (
					"$(inherited)",
					"@executable_path/Frameworks",
					"@loader_path/Frameworks",
				);
				MARKETING_VERSION = 1.0;
				PRODUCT_BUNDLE_IDENTIFIER = "sensbox.Tests-iOS";
				PRODUCT_NAME = "$(TARGET_NAME)";
				SDKROOT = iphoneos;
				SWIFT_EMIT_LOC_STRINGS = NO;
				SWIFT_VERSION = 5.0;
				TARGETED_DEVICE_FAMILY = "1,2";
				TEST_TARGET_NAME = "Sensbox (iOS)";
			};
			name = Debug;
		};
		B43AAF8527094E5E008059F2 /* Release */ = {
			isa = XCBuildConfiguration;
			buildSettings = {
				ALWAYS_EMBED_SWIFT_STANDARD_LIBRARIES = YES;
				CODE_SIGN_STYLE = Automatic;
				CURRENT_PROJECT_VERSION = 1;
				GENERATE_INFOPLIST_FILE = YES;
				IPHONEOS_DEPLOYMENT_TARGET = 15.0;
				LD_RUNPATH_SEARCH_PATHS = (
					"$(inherited)",
					"@executable_path/Frameworks",
					"@loader_path/Frameworks",
				);
				MARKETING_VERSION = 1.0;
				PRODUCT_BUNDLE_IDENTIFIER = "sensbox.Tests-iOS";
				PRODUCT_NAME = "$(TARGET_NAME)";
				SDKROOT = iphoneos;
				SWIFT_EMIT_LOC_STRINGS = NO;
				SWIFT_VERSION = 5.0;
				TARGETED_DEVICE_FAMILY = "1,2";
				TEST_TARGET_NAME = "Sensbox (iOS)";
				VALIDATE_PRODUCT = YES;
			};
			name = Release;
		};
		B43AAF8727094E5E008059F2 /* Debug */ = {
			isa = XCBuildConfiguration;
			buildSettings = {
				ALWAYS_EMBED_SWIFT_STANDARD_LIBRARIES = YES;
				CODE_SIGN_STYLE = Automatic;
				COMBINE_HIDPI_IMAGES = YES;
				CURRENT_PROJECT_VERSION = 1;
				GENERATE_INFOPLIST_FILE = YES;
				LD_RUNPATH_SEARCH_PATHS = (
					"$(inherited)",
					"@executable_path/../Frameworks",
					"@loader_path/../Frameworks",
				);
				MACOSX_DEPLOYMENT_TARGET = 11.3;
				MARKETING_VERSION = 1.0;
				PRODUCT_BUNDLE_IDENTIFIER = "sensbox.Tests-macOS";
				PRODUCT_NAME = "$(TARGET_NAME)";
				SDKROOT = macosx;
				SWIFT_EMIT_LOC_STRINGS = NO;
				SWIFT_VERSION = 5.0;
				TEST_TARGET_NAME = "Sensbox (macOS)";
			};
			name = Debug;
		};
		B43AAF8827094E5E008059F2 /* Release */ = {
			isa = XCBuildConfiguration;
			buildSettings = {
				ALWAYS_EMBED_SWIFT_STANDARD_LIBRARIES = YES;
				CODE_SIGN_STYLE = Automatic;
				COMBINE_HIDPI_IMAGES = YES;
				CURRENT_PROJECT_VERSION = 1;
				GENERATE_INFOPLIST_FILE = YES;
				LD_RUNPATH_SEARCH_PATHS = (
					"$(inherited)",
					"@executable_path/../Frameworks",
					"@loader_path/../Frameworks",
				);
				MACOSX_DEPLOYMENT_TARGET = 11.3;
				MARKETING_VERSION = 1.0;
				PRODUCT_BUNDLE_IDENTIFIER = "sensbox.Tests-macOS";
				PRODUCT_NAME = "$(TARGET_NAME)";
				SDKROOT = macosx;
				SWIFT_EMIT_LOC_STRINGS = NO;
				SWIFT_VERSION = 5.0;
				TEST_TARGET_NAME = "Sensbox (macOS)";
			};
			name = Release;
		};
/* End XCBuildConfiguration section */

/* Begin XCConfigurationList section */
		B43AAF4B27094E5C008059F2 /* Build configuration list for PBXProject "Sensbox" */ = {
			isa = XCConfigurationList;
			buildConfigurations = (
				B43AAF7B27094E5E008059F2 /* Debug */,
				B43AAF7C27094E5E008059F2 /* Release */,
			);
			defaultConfigurationIsVisible = 0;
			defaultConfigurationName = Release;
		};
		B43AAF7D27094E5E008059F2 /* Build configuration list for PBXNativeTarget "Sensbox (iOS)" */ = {
			isa = XCConfigurationList;
			buildConfigurations = (
				B43AAF7E27094E5E008059F2 /* Debug */,
				B43AAF7F27094E5E008059F2 /* Release */,
			);
			defaultConfigurationIsVisible = 0;
			defaultConfigurationName = Release;
		};
		B43AAF8027094E5E008059F2 /* Build configuration list for PBXNativeTarget "Sensbox (macOS)" */ = {
			isa = XCConfigurationList;
			buildConfigurations = (
				B43AAF8127094E5E008059F2 /* Debug */,
				B43AAF8227094E5E008059F2 /* Release */,
			);
			defaultConfigurationIsVisible = 0;
			defaultConfigurationName = Release;
		};
		B43AAF8327094E5E008059F2 /* Build configuration list for PBXNativeTarget "Tests iOS" */ = {
			isa = XCConfigurationList;
			buildConfigurations = (
				B43AAF8427094E5E008059F2 /* Debug */,
				B43AAF8527094E5E008059F2 /* Release */,
			);
			defaultConfigurationIsVisible = 0;
			defaultConfigurationName = Release;
		};
		B43AAF8627094E5E008059F2 /* Build configuration list for PBXNativeTarget "Tests macOS" */ = {
			isa = XCConfigurationList;
			buildConfigurations = (
				B43AAF8727094E5E008059F2 /* Debug */,
				B43AAF8827094E5E008059F2 /* Release */,
			);
			defaultConfigurationIsVisible = 0;
			defaultConfigurationName = Release;
		};
/* End XCConfigurationList section */
	};
	rootObject = B43AAF4827094E5C008059F2 /* Project object */;
}
